// !$*UTF8*$!
{
	archiveVersion = 1;
	classes = {
	};
	objectVersion = 46;
	objects = {

/* Begin PBXBuildFile section */
		DDDE03241DB516C600E68D87 /* AppDelegate.swift in Sources */ = {isa = PBXBuildFile; fileRef = DDDE03231DB516C600E68D87 /* AppDelegate.swift */; };
		DDDE03261DB516C600E68D87 /* ViewController.swift in Sources */ = {isa = PBXBuildFile; fileRef = DDDE03251DB516C600E68D87 /* ViewController.swift */; };
		DDDE03291DB516C600E68D87 /* Main.storyboard in Resources */ = {isa = PBXBuildFile; fileRef = DDDE03271DB516C600E68D87 /* Main.storyboard */; };
		DDDE032B1DB516C600E68D87 /* Assets.xcassets in Resources */ = {isa = PBXBuildFile; fileRef = DDDE032A1DB516C600E68D87 /* Assets.xcassets */; };
		DDDE032E1DB516C600E68D87 /* LaunchScreen.storyboard in Resources */ = {isa = PBXBuildFile; fileRef = DDDE032C1DB516C600E68D87 /* LaunchScreen.storyboard */; };
/* End PBXBuildFile section */

/* Begin PBXFileReference section */
		DDDE03201DB516C600E68D87 /* Magic 8 ball.app */ = {isa = PBXFileReference; explicitFileType = wrapper.application; includeInIndex = 0; path = "Magic 8 ball.app"; sourceTree = BUILT_PRODUCTS_DIR; };
		DDDE03231DB516C600E68D87 /* AppDelegate.swift */ = {isa = PBXFileReference; lastKnownFileType = sourcecode.swift; path = AppDelegate.swift; sourceTree = "<group>"; };
		DDDE03251DB516C600E68D87 /* ViewController.swift */ = {isa = PBXFileReference; lastKnownFileType = sourcecode.swift; path = ViewController.swift; sourceTree = "<group>"; };
		DDDE03281DB516C600E68D87 /* Base */ = {isa = PBXFileReference; lastKnownFileType = file.storyboard; name = Base; path = Base.lproj/Main.storyboard; sourceTree = "<group>"; };
		DDDE032A1DB516C600E68D87 /* Assets.xcassets */ = {isa = PBXFileReference; lastKnownFileType = folder.assetcatalog; path = Assets.xcassets; sourceTree = "<group>"; };
		DDDE032D1DB516C600E68D87 /* Base */ = {isa = PBXFileReference; lastKnownFileType = file.storyboard; name = Base; path = Base.lproj/LaunchScreen.storyboard; sourceTree = "<group>"; };
		DDDE032F1DB516C600E68D87 /* Info.plist */ = {isa = PBXFileReference; lastKnownFileType = text.plist.xml; path = Info.plist; sourceTree = "<group>"; };
/* End PBXFileReference section */

/* Begin PBXFrameworksBuildPhase section */
		DDDE031D1DB516C600E68D87 /* Frameworks */ = {
			isa = PBXFrameworksBuildPhase;
			buildActionMask = 2147483647;
			files = (
			);
			runOnlyForDeploymentPostprocessing = 0;
		};
/* End PBXFrameworksBuildPhase section */

/* Begin PBXGroup section */
		DDDE03171DB516C600E68D87 = {
			isa = PBXGroup;
			children = (
				DDDE03221DB516C600E68D87 /* Magic 8 ball */,
				DDDE03211DB516C600E68D87 /* Products */,
			);
			sourceTree = "<group>";
		};
		DDDE03211DB516C600E68D87 /* Products */ = {
			isa = PBXGroup;
			children = (
				DDDE03201DB516C600E68D87 /* Magic 8 ball.app */,
			);
			name = Products;
			sourceTree = "<group>";
		};
		DDDE03221DB516C600E68D87 /* Magic 8 ball */ = {
			isa = PBXGroup;
			children = (
				DDDE03231DB516C600E68D87 /* AppDelegate.swift */,
				DDDE03251DB516C600E68D87 /* ViewController.swift */,
				DDDE03271DB516C600E68D87 /* Main.storyboard */,
				DDDE032A1DB516C600E68D87 /* Assets.xcassets */,
				DDDE032C1DB516C600E68D87 /* LaunchScreen.storyboard */,
				DDDE032F1DB516C600E68D87 /* Info.plist */,
			);
			path = "Magic 8 ball";
			sourceTree = "<group>";
		};
/* End PBXGroup section */

/* Begin PBXNativeTarget section */
		DDDE031F1DB516C600E68D87 /* Magic 8 ball */ = {
			isa = PBXNativeTarget;
			buildConfigurationList = DDDE03321DB516C600E68D87 /* Build configuration list for PBXNativeTarget "Magic 8 ball" */;
			buildPhases = (
				DDDE031C1DB516C600E68D87 /* Sources */,
				DDDE031D1DB516C600E68D87 /* Frameworks */,
				DDDE031E1DB516C600E68D87 /* Resources */,
			);
			buildRules = (
			);
			dependencies = (
			);
			name = "Magic 8 ball";
			productName = "Magic 8 ball";
			productReference = DDDE03201DB516C600E68D87 /* Magic 8 ball.app */;
			productType = "com.apple.product-type.application";
		};
/* End PBXNativeTarget section */

/* Begin PBXProject section */
		DDDE03181DB516C600E68D87 /* Project object */ = {
			isa = PBXProject;
			attributes = {
				LastSwiftUpdateCheck = 0800;
				LastUpgradeCheck = 0800;
				ORGANIZATIONNAME = "Rock Lee";
				TargetAttributes = {
					DDDE031F1DB516C600E68D87 = {
						CreatedOnToolsVersion = 8.0;
						ProvisioningStyle = Automatic;
					};
				};
			};
			buildConfigurationList = DDDE031B1DB516C600E68D87 /* Build configuration list for PBXProject "Magic 8 ball" */;
			compatibilityVersion = "Xcode 3.2";
			developmentRegion = English;
			hasScannedForEncodings = 0;
			knownRegions = (
				en,
				Base,
			);
			mainGroup = DDDE03171DB516C600E68D87;
			productRefGroup = DDDE03211DB516C600E68D87 /* Products */;
			projectDirPath = "";
			projectRoot = "";
			targets = (
				DDDE031F1DB516C600E68D87 /* Magic 8 ball */,
			);
		};
/* End PBXProject section */

/* Begin PBXResourcesBuildPhase section */
		DDDE031E1DB516C600E68D87 /* Resources */ = {
			isa = PBXResourcesBuildPhase;
			buildActionMask = 2147483647;
			files = (
				DDDE032E1DB516C600E68D87 /* LaunchScreen.storyboard in Resources */,
				DDDE032B1DB516C600E68D87 /* Assets.xcassets in Resources */,
				DDDE03291DB516C600E68D87 /* Main.storyboard in Resources */,
			);
			runOnlyForDeploymentPostprocessing = 0;
		};
/* End PBXResourcesBuildPhase section */

/* Begin PBXSourcesBuildPhase section */
		DDDE031C1DB516C600E68D87 /* Sources */ = {
			isa = PBXSourcesBuildPhase;
			buildActionMask = 2147483647;
			files = (
				DDDE03261DB516C600E68D87 /* ViewController.swift in Sources */,
				DDDE03241DB516C600E68D87 /* AppDelegate.swift in Sources */,
			);
			runOnlyForDeploymentPostprocessing = 0;
		};
/* End PBXSourcesBuildPhase section */

/* Begin PBXVariantGroup section */
		DDDE03271DB516C600E68D87 /* Main.storyboard */ = {
			isa = PBXVariantGroup;
			children = (
				DDDE03281DB516C600E68D87 /* Base */,
			);
			name = Main.storyboard;
			sourceTree = "<group>";
		};
		DDDE032C1DB516C600E68D87 /* LaunchScreen.storyboard */ = {
			isa = PBXVariantGroup;
			children = (
				DDDE032D1DB516C600E68D87 /* Base */,
			);
			name = LaunchScreen.storyboard;
			sourceTree = "<group>";
		};
/* End PBXVariantGroup section */

/* Begin XCBuildConfiguration section */
		DDDE03301DB516C600E68D87 /* Debug */ = {
			isa = XCBuildConfiguration;
			buildSettings = {
				ALWAYS_SEARCH_USER_PATHS = NO;
				CLANG_ANALYZER_NONNULL = YES;
				CLANG_CXX_LANGUAGE_STANDARD = "gnu++0x";
				CLANG_CXX_LIBRARY = "libc++";
				CLANG_ENABLE_MODULES = YES;
				CLANG_ENABLE_OBJC_ARC = YES;
				CLANG_WARN_BOOL_CONVERSION = YES;
				CLANG_WARN_CONSTANT_CONVERSION = YES;
				CLANG_WARN_DIRECT_OBJC_ISA_USAGE = YES_ERROR;
				CLANG_WARN_DOCUMENTATION_COMMENTS = YES;
				CLANG_WARN_EMPTY_BODY = YES;
				CLANG_WARN_ENUM_CONVERSION = YES;
				CLANG_WARN_INFINITE_RECURSION = YES;
				CLANG_WARN_INT_CONVERSION = YES;
				CLANG_WARN_OBJC_ROOT_CLASS = YES_ERROR;
				CLANG_WARN_SUSPICIOUS_MOVES = YES;
				CLANG_WARN_UNREACHABLE_CODE = YES;
				CLANG_WARN__DUPLICATE_METHOD_MATCH = YES;
				"CODE_SIGN_IDENTITY[sdk=iphoneos*]" = "iPhone Developer";
				COPY_PHASE_STRIP = NO;
				DEBUG_INFORMATION_FORMAT = dwarf;
				ENABLE_STRICT_OBJC_MSGSEND = YES;
				ENABLE_TESTABILITY = YES;
				GCC_C_LANGUAGE_STANDARD = gnu99;
				GCC_DYNAMIC_NO_PIC = NO;
				GCC_NO_COMMON_BLOCKS = YES;
				GCC_OPTIMIZATION_LEVEL = 0;
				GCC_PREPROCESSOR_DEFINITIONS = (
					"DEBUG=1",
					"$(inherited)",
				);
				GCC_WARN_64_TO_32_BIT_CONVERSION = YES;
				GCC_WARN_ABOUT_RETURN_TYPE = YES_ERROR;
				GCC_WARN_UNDECLARED_SELECTOR = YES;
				GCC_WARN_UNINITIALIZED_AUTOS = YES_AGGRESSIVE;
				GCC_WARN_UNUSED_FUNCTION = YES;
				GCC_WARN_UNUSED_VARIABLE = YES;
				IPHONEOS_DEPLOYMENT_TARGET = 10.0;
				MTL_ENABLE_DEBUG_INFO = YES;
				ONLY_ACTIVE_ARCH = YES;
				SDKROOT = iphoneos;
				SWIFT_ACTIVE_COMPILATION_CONDITIONS = DEBUG;
				SWIFT_OPTIMIZATION_LEVEL = "-Onone";
			};
			name = Debug;
		};
		DDDE03311DB516C600E68D87 /* Release */ = {
			isa = XCBuildConfiguration;
			buildSettings = {
				ALWAYS_SEARCH_USER_PATHS = NO;
				CLANG_ANALYZER_NONNULL = YES;
				CLANG_CXX_LANGUAGE_STANDARD = "gnu++0x";
				CLANG_CXX_LIBRARY = "libc++";
				CLANG_ENABLE_MODULES = YES;
				CLANG_ENABLE_OBJC_ARC = YES;
				CLANG_WARN_BOOL_CONVERSION = YES;
				CLANG_WARN_CONSTANT_CONVERSION = YES;
				CLANG_WARN_DIRECT_OBJC_ISA_USAGE = YES_ERROR;
				CLANG_WARN_DOCUMENTATION_COMMENTS = YES;
				CLANG_WARN_EMPTY_BODY = YES;
				CLANG_WARN_ENUM_CONVERSION = YES;
				CLANG_WARN_INFINITE_RECURSION = YES;
				CLANG_WARN_INT_CONVERSION = YES;
				CLANG_WARN_OBJC_ROOT_CLASS = YES_ERROR;
				CLANG_WARN_SUSPICIOUS_MOVES = YES;
				CLANG_WARN_UNREACHABLE_CODE = YES;
				CLANG_WARN__DUPLICATE_METHOD_MATCH = YES;
				"CODE_SIGN_IDENTITY[sdk=iphoneos*]" = "iPhone Developer";
				COPY_PHASE_STRIP = NO;
				DEBUG_INFORMATION_FORMAT = "dwarf-with-dsym";
				ENABLE_NS_ASSERTIONS = NO;
				ENABLE_STRICT_OBJC_MSGSEND = YES;
				GCC_C_LANGUAGE_STANDARD = gnu99;
				GCC_NO_COMMON_BLOCKS = YES;
				GCC_WARN_64_TO_32_BIT_CONVERSION = YES;
				GCC_WARN_ABOUT_RETURN_TYPE = YES_ERROR;
				GCC_WARN_UNDECLARED_SELECTOR = YES;
				GCC_WARN_UNINITIALIZED_AUTOS = YES_AGGRESSIVE;
				GCC_WARN_UNUSED_FUNCTION = YES;
				GCC_WARN_UNUSED_VARIABLE = YES;
				IPHONEOS_DEPLOYMENT_TARGET = 10.0;
				MTL_ENABLE_DEBUG_INFO = NO;
				SDKROOT = iphoneos;
				SWIFT_OPTIMIZATION_LEVEL = "-Owholemodule";
				VALIDATE_PRODUCT = YES;
			};
			name = Release;
		};
		DDDE03331DB516C600E68D87 /* Debug */ = {
			isa = XCBuildConfiguration;
			buildSettings = {
				ASSETCATALOG_COMPILER_APPICON_NAME = AppIcon;
				INFOPLIST_FILE = "Magic 8 ball/Info.plist";
				LD_RUNPATH_SEARCH_PATHS = "$(inherited) @executable_path/Frameworks";
				PRODUCT_BUNDLE_IDENTIFIER = "test.Magic-8-ball";
				PRODUCT_NAME = "$(TARGET_NAME)";
				SWIFT_VERSION = 3.0;
			};
			name = Debug;
		};
		DDDE03341DB516C600E68D87 /* Release */ = {
			isa = XCBuildConfiguration;
			buildSettings = {
				ASSETCATALOG_COMPILER_APPICON_NAME = AppIcon;
				INFOPLIST_FILE = "Magic 8 ball/Info.plist";
				LD_RUNPATH_SEARCH_PATHS = "$(inherited) @executable_path/Frameworks";
				PRODUCT_BUNDLE_IDENTIFIER = "test.Magic-8-ball";
				PRODUCT_NAME = "$(TARGET_NAME)";
				SWIFT_VERSION = 3.0;
			};
			name = Release;
		};
/* End XCBuildConfiguration section */

/* Begin XCConfigurationList section */
		DDDE031B1DB516C600E68D87 /* Build configuration list for PBXProject "Magic 8 ball" */ = {
			isa = XCConfigurationList;
			buildConfigurations = (
				DDDE03301DB516C600E68D87 /* Debug */,
				DDDE03311DB516C600E68D87 /* Release */,
			);
			defaultConfigurationIsVisible = 0;
			defaultConfigurationName = Release;
		};
		DDDE03321DB516C600E68D87 /* Build configuration list for PBXNativeTarget "Magic 8 ball" */ = {
			isa = XCConfigurationList;
			buildConfigurations = (
				DDDE03331DB516C600E68D87 /* Debug */,
				DDDE03341DB516C600E68D87 /* Release */,
			);
			defaultConfigurationIsVisible = 0;
		};
/* End XCConfigurationList section */
	};
	rootObject = DDDE03181DB516C600E68D87 /* Project object */;
}
